// !$*UTF8*$!
{
	archiveVersion = 1;
	classes = {
	};
	objectVersion = 48;
	objects = {

/* Begin PBXBuildFile section */
		B122E892207259BB0002A67D /* PhotoCell.swift in Sources */ = {isa = PBXBuildFile; fileRef = B122E891207259BB0002A67D /* PhotoCell.swift */; };
		B122E8972072AB780002A67D /* RealmExpress.swift in Sources */ = {isa = PBXBuildFile; fileRef = B122E8962072AB780002A67D /* RealmExpress.swift */; };
		B13DC2F2206E911F00000F40 /* AppDelegate.swift in Sources */ = {isa = PBXBuildFile; fileRef = B13DC2F1206E911F00000F40 /* AppDelegate.swift */; };
		B13DC2F4206E911F00000F40 /* ViewController.swift in Sources */ = {isa = PBXBuildFile; fileRef = B13DC2F3206E911F00000F40 /* ViewController.swift */; };
		B13DC2F7206E911F00000F40 /* Main.storyboard in Resources */ = {isa = PBXBuildFile; fileRef = B13DC2F5206E911F00000F40 /* Main.storyboard */; };
		B13DC2F9206E911F00000F40 /* Assets.xcassets in Resources */ = {isa = PBXBuildFile; fileRef = B13DC2F8206E911F00000F40 /* Assets.xcassets */; };
		B13DC2FC206E911F00000F40 /* LaunchScreen.storyboard in Resources */ = {isa = PBXBuildFile; fileRef = B13DC2FA206E911F00000F40 /* LaunchScreen.storyboard */; };
		B13DC307206E911F00000F40 /* TestTaskImageGalleryTests.swift in Sources */ = {isa = PBXBuildFile; fileRef = B13DC306206E911F00000F40 /* TestTaskImageGalleryTests.swift */; };
		B13DC312206E911F00000F40 /* TestTaskImageGalleryUITests.swift in Sources */ = {isa = PBXBuildFile; fileRef = B13DC311206E911F00000F40 /* TestTaskImageGalleryUITests.swift */; };
		B13DC320206E96E300000F40 /* AddImageViewController.swift in Sources */ = {isa = PBXBuildFile; fileRef = B13DC31F206E96E300000F40 /* AddImageViewController.swift */; };
		B13DC323206E97A700000F40 /* RealmSwift.framework in Frameworks */ = {isa = PBXBuildFile; fileRef = B13DC321206E97A500000F40 /* RealmSwift.framework */; };
		B13DC324206E97A700000F40 /* RealmSwift.framework in Embed Frameworks */ = {isa = PBXBuildFile; fileRef = B13DC321206E97A500000F40 /* RealmSwift.framework */; settings = {ATTRIBUTES = (CodeSignOnCopy, RemoveHeadersOnCopy, ); }; };
		B13DC325206E97A700000F40 /* Realm.framework in Frameworks */ = {isa = PBXBuildFile; fileRef = B13DC322206E97A700000F40 /* Realm.framework */; };
		B13DC326206E97A700000F40 /* Realm.framework in Embed Frameworks */ = {isa = PBXBuildFile; fileRef = B13DC322206E97A700000F40 /* Realm.framework */; settings = {ATTRIBUTES = (CodeSignOnCopy, RemoveHeadersOnCopy, ); }; };
		B13DC32A206E98F500000F40 /* RealmModelFile.swift in Sources */ = {isa = PBXBuildFile; fileRef = B13DC329206E98F500000F40 /* RealmModelFile.swift */; };
/* End PBXBuildFile section */

/* Begin PBXContainerItemProxy section */
		B13DC303206E911F00000F40 /* PBXContainerItemProxy */ = {
			isa = PBXContainerItemProxy;
			containerPortal = B13DC2E6206E911F00000F40 /* Project object */;
			proxyType = 1;
			remoteGlobalIDString = B13DC2ED206E911F00000F40;
			remoteInfo = TestTaskImageGallery;
		};
		B13DC30E206E911F00000F40 /* PBXContainerItemProxy */ = {
			isa = PBXContainerItemProxy;
			containerPortal = B13DC2E6206E911F00000F40 /* Project object */;
			proxyType = 1;
			remoteGlobalIDString = B13DC2ED206E911F00000F40;
			remoteInfo = TestTaskImageGallery;
		};
/* End PBXContainerItemProxy section */

/* Begin PBXCopyFilesBuildPhase section */
		B13DC327206E97A800000F40 /* Embed Frameworks */ = {
			isa = PBXCopyFilesBuildPhase;
			buildActionMask = 2147483647;
			dstPath = "";
			dstSubfolderSpec = 10;
			files = (
				B13DC326206E97A700000F40 /* Realm.framework in Embed Frameworks */,
				B13DC324206E97A700000F40 /* RealmSwift.framework in Embed Frameworks */,
			);
			name = "Embed Frameworks";
			runOnlyForDeploymentPostprocessing = 0;
		};
/* End PBXCopyFilesBuildPhase section */

/* Begin PBXFileReference section */
		B122E891207259BB0002A67D /* PhotoCell.swift */ = {isa = PBXFileReference; lastKnownFileType = sourcecode.swift; path = PhotoCell.swift; sourceTree = "<group>"; };
		B122E8962072AB780002A67D /* RealmExpress.swift */ = {isa = PBXFileReference; lastKnownFileType = sourcecode.swift; path = RealmExpress.swift; sourceTree = "<group>"; };
		B13DC2EE206E911F00000F40 /* TestTaskImageGallery.app */ = {isa = PBXFileReference; explicitFileType = wrapper.application; includeInIndex = 0; path = TestTaskImageGallery.app; sourceTree = BUILT_PRODUCTS_DIR; };
		B13DC2F1206E911F00000F40 /* AppDelegate.swift */ = {isa = PBXFileReference; lastKnownFileType = sourcecode.swift; path = AppDelegate.swift; sourceTree = "<group>"; };
		B13DC2F3206E911F00000F40 /* ViewController.swift */ = {isa = PBXFileReference; lastKnownFileType = sourcecode.swift; path = ViewController.swift; sourceTree = "<group>"; };
		B13DC2F6206E911F00000F40 /* Base */ = {isa = PBXFileReference; lastKnownFileType = file.storyboard; name = Base; path = Base.lproj/Main.storyboard; sourceTree = "<group>"; };
		B13DC2F8206E911F00000F40 /* Assets.xcassets */ = {isa = PBXFileReference; lastKnownFileType = folder.assetcatalog; path = Assets.xcassets; sourceTree = "<group>"; };
		B13DC2FB206E911F00000F40 /* Base */ = {isa = PBXFileReference; lastKnownFileType = file.storyboard; name = Base; path = Base.lproj/LaunchScreen.storyboard; sourceTree = "<group>"; };
		B13DC2FD206E911F00000F40 /* Info.plist */ = {isa = PBXFileReference; lastKnownFileType = text.plist.xml; path = Info.plist; sourceTree = "<group>"; };
		B13DC302206E911F00000F40 /* TestTaskImageGalleryTests.xctest */ = {isa = PBXFileReference; explicitFileType = wrapper.cfbundle; includeInIndex = 0; path = TestTaskImageGalleryTests.xctest; sourceTree = BUILT_PRODUCTS_DIR; };
		B13DC306206E911F00000F40 /* TestTaskImageGalleryTests.swift */ = {isa = PBXFileReference; lastKnownFileType = sourcecode.swift; path = TestTaskImageGalleryTests.swift; sourceTree = "<group>"; };
		B13DC308206E911F00000F40 /* Info.plist */ = {isa = PBXFileReference; lastKnownFileType = text.plist.xml; path = Info.plist; sourceTree = "<group>"; };
		B13DC30D206E911F00000F40 /* TestTaskImageGalleryUITests.xctest */ = {isa = PBXFileReference; explicitFileType = wrapper.cfbundle; includeInIndex = 0; path = TestTaskImageGalleryUITests.xctest; sourceTree = BUILT_PRODUCTS_DIR; };
		B13DC311206E911F00000F40 /* TestTaskImageGalleryUITests.swift */ = {isa = PBXFileReference; lastKnownFileType = sourcecode.swift; path = TestTaskImageGalleryUITests.swift; sourceTree = "<group>"; };
		B13DC313206E911F00000F40 /* Info.plist */ = {isa = PBXFileReference; lastKnownFileType = text.plist.xml; path = Info.plist; sourceTree = "<group>"; };
		B13DC31F206E96E300000F40 /* AddImageViewController.swift */ = {isa = PBXFileReference; lastKnownFileType = sourcecode.swift; path = AddImageViewController.swift; sourceTree = "<group>"; };
		B13DC321206E97A500000F40 /* RealmSwift.framework */ = {isa = PBXFileReference; lastKnownFileType = wrapper.framework; path = RealmSwift.framework; sourceTree = "<group>"; };
		B13DC322206E97A700000F40 /* Realm.framework */ = {isa = PBXFileReference; lastKnownFileType = wrapper.framework; path = Realm.framework; sourceTree = "<group>"; };
		B13DC329206E98F500000F40 /* RealmModelFile.swift */ = {isa = PBXFileReference; lastKnownFileType = sourcecode.swift; path = RealmModelFile.swift; sourceTree = "<group>"; };
/* End PBXFileReference section */

/* Begin PBXFrameworksBuildPhase section */
		B13DC2EB206E911F00000F40 /* Frameworks */ = {
			isa = PBXFrameworksBuildPhase;
			buildActionMask = 2147483647;
			files = (
				B13DC325206E97A700000F40 /* Realm.framework in Frameworks */,
				B13DC323206E97A700000F40 /* RealmSwift.framework in Frameworks */,
			);
			runOnlyForDeploymentPostprocessing = 0;
		};
		B13DC2FF206E911F00000F40 /* Frameworks */ = {
			isa = PBXFrameworksBuildPhase;
			buildActionMask = 2147483647;
			files = (
			);
			runOnlyForDeploymentPostprocessing = 0;
		};
		B13DC30A206E911F00000F40 /* Frameworks */ = {
			isa = PBXFrameworksBuildPhase;
			buildActionMask = 2147483647;
			files = (
			);
			runOnlyForDeploymentPostprocessing = 0;
		};
/* End PBXFrameworksBuildPhase section */

/* Begin PBXGroup section */
		B122E8932072AAD90002A67D /* View */ = {
			isa = PBXGroup;
			children = (
				B122E891207259BB0002A67D /* PhotoCell.swift */,
			);
			path = View;
			sourceTree = "<group>";
		};
		B122E8942072AAE40002A67D /* Model */ = {
			isa = PBXGroup;
			children = (
				B13DC329206E98F500000F40 /* RealmModelFile.swift */,
			);
			path = Model;
			sourceTree = "<group>";
		};
		B122E8952072AAF20002A67D /* Controller */ = {
			isa = PBXGroup;
			children = (
				B13DC31F206E96E300000F40 /* AddImageViewController.swift */,
				B122E8962072AB780002A67D /* RealmExpress.swift */,
				B13DC2F3206E911F00000F40 /* ViewController.swift */,
			);
			path = Controller;
			sourceTree = "<group>";
		};
		B13DC2E5206E911F00000F40 = {
			isa = PBXGroup;
			children = (
				B13DC322206E97A700000F40 /* Realm.framework */,
				B13DC321206E97A500000F40 /* RealmSwift.framework */,
				B13DC2F0206E911F00000F40 /* TestTaskImageGallery */,
				B13DC305206E911F00000F40 /* TestTaskImageGalleryTests */,
				B13DC310206E911F00000F40 /* TestTaskImageGalleryUITests */,
				B13DC2EF206E911F00000F40 /* Products */,
			);
			sourceTree = "<group>";
		};
		B13DC2EF206E911F00000F40 /* Products */ = {
			isa = PBXGroup;
			children = (
				B13DC2EE206E911F00000F40 /* TestTaskImageGallery.app */,
				B13DC302206E911F00000F40 /* TestTaskImageGalleryTests.xctest */,
				B13DC30D206E911F00000F40 /* TestTaskImageGalleryUITests.xctest */,
			);
			name = Products;
			sourceTree = "<group>";
		};
		B13DC2F0206E911F00000F40 /* TestTaskImageGallery */ = {
			isa = PBXGroup;
			children = (
				B13DC2F1206E911F00000F40 /* AppDelegate.swift */,
				B122E8952072AAF20002A67D /* Controller */,
				B122E8942072AAE40002A67D /* Model */,
				B122E8932072AAD90002A67D /* View */,
				B13DC2F5206E911F00000F40 /* Main.storyboard */,
				B13DC2F8206E911F00000F40 /* Assets.xcassets */,
				B13DC2FA206E911F00000F40 /* LaunchScreen.storyboard */,
				B13DC2FD206E911F00000F40 /* Info.plist */,
			);
			path = TestTaskImageGallery;
			sourceTree = "<group>";
		};
		B13DC305206E911F00000F40 /* TestTaskImageGalleryTests */ = {
			isa = PBXGroup;
			children = (
				B13DC306206E911F00000F40 /* TestTaskImageGalleryTests.swift */,
				B13DC308206E911F00000F40 /* Info.plist */,
			);
			path = TestTaskImageGalleryTests;
			sourceTree = "<group>";
		};
		B13DC310206E911F00000F40 /* TestTaskImageGalleryUITests */ = {
			isa = PBXGroup;
			children = (
				B13DC311206E911F00000F40 /* TestTaskImageGalleryUITests.swift */,
				B13DC313206E911F00000F40 /* Info.plist */,
			);
			path = TestTaskImageGalleryUITests;
			sourceTree = "<group>";
		};
/* End PBXGroup section */

/* Begin PBXNativeTarget section */
		B13DC2ED206E911F00000F40 /* TestTaskImageGallery */ = {
			isa = PBXNativeTarget;
			buildConfigurationList = B13DC316206E911F00000F40 /* Build configuration list for PBXNativeTarget "TestTaskImageGallery" */;
			buildPhases = (
				B13DC2EA206E911F00000F40 /* Sources */,
				B13DC2EB206E911F00000F40 /* Frameworks */,
				B13DC2EC206E911F00000F40 /* Resources */,
				B13DC327206E97A800000F40 /* Embed Frameworks */,
				B13DC328206E985000000F40 /* ShellScript */,
			);
			buildRules = (
			);
			dependencies = (
			);
			name = TestTaskImageGallery;
			productName = TestTaskImageGallery;
			productReference = B13DC2EE206E911F00000F40 /* TestTaskImageGallery.app */;
			productType = "com.apple.product-type.application";
		};
		B13DC301206E911F00000F40 /* TestTaskImageGalleryTests */ = {
			isa = PBXNativeTarget;
			buildConfigurationList = B13DC319206E911F00000F40 /* Build configuration list for PBXNativeTarget "TestTaskImageGalleryTests" */;
			buildPhases = (
				B13DC2FE206E911F00000F40 /* Sources */,
				B13DC2FF206E911F00000F40 /* Frameworks */,
				B13DC300206E911F00000F40 /* Resources */,
			);
			buildRules = (
			);
			dependencies = (
				B13DC304206E911F00000F40 /* PBXTargetDependency */,
			);
			name = TestTaskImageGalleryTests;
			productName = TestTaskImageGalleryTests;
			productReference = B13DC302206E911F00000F40 /* TestTaskImageGalleryTests.xctest */;
			productType = "com.apple.product-type.bundle.unit-test";
		};
		B13DC30C206E911F00000F40 /* TestTaskImageGalleryUITests */ = {
			isa = PBXNativeTarget;
			buildConfigurationList = B13DC31C206E911F00000F40 /* Build configuration list for PBXNativeTarget "TestTaskImageGalleryUITests" */;
			buildPhases = (
				B13DC309206E911F00000F40 /* Sources */,
				B13DC30A206E911F00000F40 /* Frameworks */,
				B13DC30B206E911F00000F40 /* Resources */,
			);
			buildRules = (
			);
			dependencies = (
				B13DC30F206E911F00000F40 /* PBXTargetDependency */,
			);
			name = TestTaskImageGalleryUITests;
			productName = TestTaskImageGalleryUITests;
			productReference = B13DC30D206E911F00000F40 /* TestTaskImageGalleryUITests.xctest */;
			productType = "com.apple.product-type.bundle.ui-testing";
		};
/* End PBXNativeTarget section */

/* Begin PBXProject section */
		B13DC2E6206E911F00000F40 /* Project object */ = {
			isa = PBXProject;
			attributes = {
				LastSwiftUpdateCheck = 0920;
				LastUpgradeCheck = 0920;
				ORGANIZATIONNAME = "Oleksandr Bambulyak";
				TargetAttributes = {
					B13DC2ED206E911F00000F40 = {
						CreatedOnToolsVersion = 9.2;
						ProvisioningStyle = Automatic;
					};
					B13DC301206E911F00000F40 = {
						CreatedOnToolsVersion = 9.2;
						ProvisioningStyle = Automatic;
						TestTargetID = B13DC2ED206E911F00000F40;
					};
					B13DC30C206E911F00000F40 = {
						CreatedOnToolsVersion = 9.2;
						ProvisioningStyle = Automatic;
						TestTargetID = B13DC2ED206E911F00000F40;
					};
				};
			};
			buildConfigurationList = B13DC2E9206E911F00000F40 /* Build configuration list for PBXProject "TestTaskImageGallery" */;
			compatibilityVersion = "Xcode 8.0";
			developmentRegion = en;
			hasScannedForEncodings = 0;
			knownRegions = (
				en,
				Base,
			);
			mainGroup = B13DC2E5206E911F00000F40;
			productRefGroup = B13DC2EF206E911F00000F40 /* Products */;
			projectDirPath = "";
			projectRoot = "";
			targets = (
				B13DC2ED206E911F00000F40 /* TestTaskImageGallery */,
				B13DC301206E911F00000F40 /* TestTaskImageGalleryTests */,
				B13DC30C206E911F00000F40 /* TestTaskImageGalleryUITests */,
			);
		};
/* End PBXProject section */

/* Begin PBXResourcesBuildPhase section */
		B13DC2EC206E911F00000F40 /* Resources */ = {
			isa = PBXResourcesBuildPhase;
			buildActionMask = 2147483647;
			files = (
				B13DC2FC206E911F00000F40 /* LaunchScreen.storyboard in Resources */,
				B13DC2F9206E911F00000F40 /* Assets.xcassets in Resources */,
				B13DC2F7206E911F00000F40 /* Main.storyboard in Resources */,
			);
			runOnlyForDeploymentPostprocessing = 0;
		};
		B13DC300206E911F00000F40 /* Resources */ = {
			isa = PBXResourcesBuildPhase;
			buildActionMask = 2147483647;
			files = (
			);
			runOnlyForDeploymentPostprocessing = 0;
		};
		B13DC30B206E911F00000F40 /* Resources */ = {
			isa = PBXResourcesBuildPhase;
			buildActionMask = 2147483647;
			files = (
			);
			runOnlyForDeploymentPostprocessing = 0;
		};
/* End PBXResourcesBuildPhase section */

/* Begin PBXShellScriptBuildPhase section */
		B13DC328206E985000000F40 /* ShellScript */ = {
			isa = PBXShellScriptBuildPhase;
			buildActionMask = 2147483647;
			files = (
			);
			inputPaths = (
			);
			outputPaths = (
			);
			runOnlyForDeploymentPostprocessing = 0;
			shellPath = /bin/sh;
			shellScript = "bash \"${BUILT_PRODUCTS_DIR}/${FRAMEWORKS_FOLDER_PATH}/Realm.framework/strip-frameworks.sh\"";
		};
/* End PBXShellScriptBuildPhase section */

/* Begin PBXSourcesBuildPhase section */
		B13DC2EA206E911F00000F40 /* Sources */ = {
			isa = PBXSourcesBuildPhase;
			buildActionMask = 2147483647;
			files = (
				B13DC2F4206E911F00000F40 /* ViewController.swift in Sources */,
				B122E892207259BB0002A67D /* PhotoCell.swift in Sources */,
				B13DC32A206E98F500000F40 /* RealmModelFile.swift in Sources */,
				B13DC2F2206E911F00000F40 /* AppDelegate.swift in Sources */,
				B122E8972072AB780002A67D /* RealmExpress.swift in Sources */,
				B13DC320206E96E300000F40 /* AddImageViewController.swift in Sources */,
			);
			runOnlyForDeploymentPostprocessing = 0;
		};
		B13DC2FE206E911F00000F40 /* Sources */ = {
			isa = PBXSourcesBuildPhase;
			buildActionMask = 2147483647;
			files = (
				B13DC307206E911F00000F40 /* TestTaskImageGalleryTests.swift in Sources */,
			);
			runOnlyForDeploymentPostprocessing = 0;
		};
		B13DC309206E911F00000F40 /* Sources */ = {
			isa = PBXSourcesBuildPhase;
			buildActionMask = 2147483647;
			files = (
				B13DC312206E911F00000F40 /* TestTaskImageGalleryUITests.swift in Sources */,
			);
			runOnlyForDeploymentPostprocessing = 0;
		};
/* End PBXSourcesBuildPhase section */

/* Begin PBXTargetDependency section */
		B13DC304206E911F00000F40 /* PBXTargetDependency */ = {
			isa = PBXTargetDependency;
			target = B13DC2ED206E911F00000F40 /* TestTaskImageGallery */;
			targetProxy = B13DC303206E911F00000F40 /* PBXContainerItemProxy */;
		};
		B13DC30F206E911F00000F40 /* PBXTargetDependency */ = {
			isa = PBXTargetDependency;
			target = B13DC2ED206E911F00000F40 /* TestTaskImageGallery */;
			targetProxy = B13DC30E206E911F00000F40 /* PBXContainerItemProxy */;
		};
/* End PBXTargetDependency section */

/* Begin PBXVariantGroup section */
		B13DC2F5206E911F00000F40 /* Main.storyboard */ = {
			isa = PBXVariantGroup;
			children = (
				B13DC2F6206E911F00000F40 /* Base */,
			);
			name = Main.storyboard;
			sourceTree = "<group>";
		};
		B13DC2FA206E911F00000F40 /* LaunchScreen.storyboard */ = {
			isa = PBXVariantGroup;
			children = (
				B13DC2FB206E911F00000F40 /* Base */,
			);
			name = LaunchScreen.storyboard;
			sourceTree = "<group>";
		};
/* End PBXVariantGroup section */

/* Begin XCBuildConfiguration section */
		B13DC314206E911F00000F40 /* Debug */ = {
			isa = XCBuildConfiguration;
			buildSettings = {
				ALWAYS_SEARCH_USER_PATHS = NO;
				CLANG_ANALYZER_NONNULL = YES;
				CLANG_ANALYZER_NUMBER_OBJECT_CONVERSION = YES_AGGRESSIVE;
				CLANG_CXX_LANGUAGE_STANDARD = "gnu++14";
				CLANG_CXX_LIBRARY = "libc++";
				CLANG_ENABLE_MODULES = YES;
				CLANG_ENABLE_OBJC_ARC = YES;
				CLANG_WARN_BLOCK_CAPTURE_AUTORELEASING = YES;
				CLANG_WARN_BOOL_CONVERSION = YES;
				CLANG_WARN_COMMA = YES;
				CLANG_WARN_CONSTANT_CONVERSION = YES;
				CLANG_WARN_DIRECT_OBJC_ISA_USAGE = YES_ERROR;
				CLANG_WARN_DOCUMENTATION_COMMENTS = YES;
				CLANG_WARN_EMPTY_BODY = YES;
				CLANG_WARN_ENUM_CONVERSION = YES;
				CLANG_WARN_INFINITE_RECURSION = YES;
				CLANG_WARN_INT_CONVERSION = YES;
				CLANG_WARN_NON_LITERAL_NULL_CONVERSION = YES;
				CLANG_WARN_OBJC_LITERAL_CONVERSION = YES;
				CLANG_WARN_OBJC_ROOT_CLASS = YES_ERROR;
				CLANG_WARN_RANGE_LOOP_ANALYSIS = YES;
				CLANG_WARN_STRICT_PROTOTYPES = YES;
				CLANG_WARN_SUSPICIOUS_MOVE = YES;
				CLANG_WARN_UNGUARDED_AVAILABILITY = YES_AGGRESSIVE;
				CLANG_WARN_UNREACHABLE_CODE = YES;
				CLANG_WARN__DUPLICATE_METHOD_MATCH = YES;
				CODE_SIGN_IDENTITY = "iPhone Developer";
				COPY_PHASE_STRIP = NO;
				DEBUG_INFORMATION_FORMAT = dwarf;
				ENABLE_STRICT_OBJC_MSGSEND = YES;
				ENABLE_TESTABILITY = YES;
				GCC_C_LANGUAGE_STANDARD = gnu11;
				GCC_DYNAMIC_NO_PIC = NO;
				GCC_NO_COMMON_BLOCKS = YES;
				GCC_OPTIMIZATION_LEVEL = 0;
				GCC_PREPROCESSOR_DEFINITIONS = (
					"DEBUG=1",
					"$(inherited)",
				);
				GCC_WARN_64_TO_32_BIT_CONVERSION = YES;
				GCC_WARN_ABOUT_RETURN_TYPE = YES_ERROR;
				GCC_WARN_UNDECLARED_SELECTOR = YES;
				GCC_WARN_UNINITIALIZED_AUTOS = YES_AGGRESSIVE;
				GCC_WARN_UNUSED_FUNCTION = YES;
				GCC_WARN_UNUSED_VARIABLE = YES;
				IPHONEOS_DEPLOYMENT_TARGET = 11.2;
				MTL_ENABLE_DEBUG_INFO = YES;
				ONLY_ACTIVE_ARCH = YES;
				SDKROOT = iphoneos;
				SWIFT_ACTIVE_COMPILATION_CONDITIONS = DEBUG;
				SWIFT_OPTIMIZATION_LEVEL = "-Onone";
			};
			name = Debug;
		};
		B13DC315206E911F00000F40 /* Release */ = {
			isa = XCBuildConfiguration;
			buildSettings = {
				ALWAYS_SEARCH_USER_PATHS = NO;
				CLANG_ANALYZER_NONNULL = YES;
				CLANG_ANALYZER_NUMBER_OBJECT_CONVERSION = YES_AGGRESSIVE;
				CLANG_CXX_LANGUAGE_STANDARD = "gnu++14";
				CLANG_CXX_LIBRARY = "libc++";
				CLANG_ENABLE_MODULES = YES;
				CLANG_ENABLE_OBJC_ARC = YES;
				CLANG_WARN_BLOCK_CAPTURE_AUTORELEASING = YES;
				CLANG_WARN_BOOL_CONVERSION = YES;
				CLANG_WARN_COMMA = YES;
				CLANG_WARN_CONSTANT_CONVERSION = YES;
				CLANG_WARN_DIRECT_OBJC_ISA_USAGE = YES_ERROR;
				CLANG_WARN_DOCUMENTATION_COMMENTS = YES;
				CLANG_WARN_EMPTY_BODY = YES;
				CLANG_WARN_ENUM_CONVERSION = YES;
				CLANG_WARN_INFINITE_RECURSION = YES;
				CLANG_WARN_INT_CONVERSION = YES;
				CLANG_WARN_NON_LITERAL_NULL_CONVERSION = YES;
				CLANG_WARN_OBJC_LITERAL_CONVERSION = YES;
				CLANG_WARN_OBJC_ROOT_CLASS = YES_ERROR;
				CLANG_WARN_RANGE_LOOP_ANALYSIS = YES;
				CLANG_WARN_STRICT_PROTOTYPES = YES;
				CLANG_WARN_SUSPICIOUS_MOVE = YES;
				CLANG_WARN_UNGUARDED_AVAILABILITY = YES_AGGRESSIVE;
				CLANG_WARN_UNREACHABLE_CODE = YES;
				CLANG_WARN__DUPLICATE_METHOD_MATCH = YES;
				CODE_SIGN_IDENTITY = "iPhone Developer";
				COPY_PHASE_STRIP = NO;
				DEBUG_INFORMATION_FORMAT = "dwarf-with-dsym";
				ENABLE_NS_ASSERTIONS = NO;
				ENABLE_STRICT_OBJC_MSGSEND = YES;
				GCC_C_LANGUAGE_STANDARD = gnu11;
				GCC_NO_COMMON_BLOCKS = YES;
				GCC_WARN_64_TO_32_BIT_CONVERSION = YES;
				GCC_WARN_ABOUT_RETURN_TYPE = YES_ERROR;
				GCC_WARN_UNDECLARED_SELECTOR = YES;
				GCC_WARN_UNINITIALIZED_AUTOS = YES_AGGRESSIVE;
				GCC_WARN_UNUSED_FUNCTION = YES;
				GCC_WARN_UNUSED_VARIABLE = YES;
				IPHONEOS_DEPLOYMENT_TARGET = 11.2;
				MTL_ENABLE_DEBUG_INFO = NO;
				SDKROOT = iphoneos;
				SWIFT_OPTIMIZATION_LEVEL = "-Owholemodule";
				VALIDATE_PRODUCT = YES;
			};
			name = Release;
		};
		B13DC317206E911F00000F40 /* Debug */ = {
			isa = XCBuildConfiguration;
			buildSettings = {
				ASSETCATALOG_COMPILER_APPICON_NAME = AppIcon;
				CODE_SIGN_STYLE = Automatic;
				DEVELOPMENT_TEAM = 42HSZXZUT7;
				FRAMEWORK_SEARCH_PATHS = (
					"$(inherited)",
					"$(PROJECT_DIR)",
				);
				INFOPLIST_FILE = TestTaskImageGallery/Info.plist;
				IPHONEOS_DEPLOYMENT_TARGET = 11.0;
				LD_RUNPATH_SEARCH_PATHS = "$(inherited) @executable_path/Frameworks";
				PRODUCT_BUNDLE_IDENTIFIER = com.hilton.TestTaskImageGallery;
				PRODUCT_NAME = "$(TARGET_NAME)";
				SWIFT_VERSION = 4.0;
				TARGETED_DEVICE_FAMILY = "1,2";
			};
			name = Debug;
		};
		B13DC318206E911F00000F40 /* Release */ = {
			isa = XCBuildConfiguration;
			buildSettings = {
				ASSETCATALOG_COMPILER_APPICON_NAME = AppIcon;
				CODE_SIGN_STYLE = Automatic;
				DEVELOPMENT_TEAM = 42HSZXZUT7;
				FRAMEWORK_SEARCH_PATHS = (
					"$(inherited)",
					"$(PROJECT_DIR)",
				);
				INFOPLIST_FILE = TestTaskImageGallery/Info.plist;
				IPHONEOS_DEPLOYMENT_TARGET = 11.0;
				LD_RUNPATH_SEARCH_PATHS = "$(inherited) @executable_path/Frameworks";
				PRODUCT_BUNDLE_IDENTIFIER = com.hilton.TestTaskImageGallery;
				PRODUCT_NAME = "$(TARGET_NAME)";
				SWIFT_VERSION = 4.0;
				TARGETED_DEVICE_FAMILY = "1,2";
			};
			name = Release;
		};
		B13DC31A206E911F00000F40 /* Debug */ = {
			isa = XCBuildConfiguration;
			buildSettings = {
				ALWAYS_EMBED_SWIFT_STANDARD_LIBRARIES = YES;
				BUNDLE_LOADER = "$(TEST_HOST)";
				CODE_SIGN_STYLE = Automatic;
				INFOPLIST_FILE = TestTaskImageGalleryTests/Info.plist;
				LD_RUNPATH_SEARCH_PATHS = "$(inherited) @executable_path/Frameworks @loader_path/Frameworks";
				PRODUCT_BUNDLE_IDENTIFIER = com.hilton.TestTaskImageGalleryTests;
				PRODUCT_NAME = "$(TARGET_NAME)";
				SWIFT_VERSION = 4.0;
				TARGETED_DEVICE_FAMILY = "1,2";
				TEST_HOST = "$(BUILT_PRODUCTS_DIR)/TestTaskImageGallery.app/TestTaskImageGallery";
			};
			name = Debug;
		};
		B13DC31B206E911F00000F40 /* Release */ = {
			isa = XCBuildConfiguration;
			buildSettings = {
				ALWAYS_EMBED_SWIFT_STANDARD_LIBRARIES = YES;
				BUNDLE_LOADER = "$(TEST_HOST)";
				CODE_SIGN_STYLE = Automatic;
				INFOPLIST_FILE = TestTaskImageGalleryTests/Info.plist;
				LD_RUNPATH_SEARCH_PATHS = "$(inherited) @executable_path/Frameworks @loader_path/Frameworks";
				PRODUCT_BUNDLE_IDENTIFIER = com.hilton.TestTaskImageGalleryTests;
				PRODUCT_NAME = "$(TARGET_NAME)";
				SWIFT_VERSION = 4.0;
				TARGETED_DEVICE_FAMILY = "1,2";
				TEST_HOST = "$(BUILT_PRODUCTS_DIR)/TestTaskImageGallery.app/TestTaskImageGallery";
			};
			name = Release;
		};
		B13DC31D206E911F00000F40 /* Debug */ = {
			isa = XCBuildConfiguration;
			buildSettings = {
				ALWAYS_EMBED_SWIFT_STANDARD_LIBRARIES = YES;
				CODE_SIGN_STYLE = Automatic;
				INFOPLIST_FILE = TestTaskImageGalleryUITests/Info.plist;
				LD_RUNPATH_SEARCH_PATHS = "$(inherited) @executable_path/Frameworks @loader_path/Frameworks";
				PRODUCT_BUNDLE_IDENTIFIER = com.hilton.TestTaskImageGalleryUITests;
				PRODUCT_NAME = "$(TARGET_NAME)";
				SWIFT_VERSION = 4.0;
				TARGETED_DEVICE_FAMILY = "1,2";
				TEST_TARGET_NAME = TestTaskImageGallery;
			};
			name = Debug;
		};
		B13DC31E206E911F00000F40 /* Release */ = {
			isa = XCBuildConfiguration;
			buildSettings = {
				ALWAYS_EMBED_SWIFT_STANDARD_LIBRARIES = YES;
				CODE_SIGN_STYLE = Automatic;
				INFOPLIST_FILE = TestTaskImageGalleryUITests/Info.plist;
				LD_RUNPATH_SEARCH_PATHS = "$(inherited) @executable_path/Frameworks @loader_path/Frameworks";
				PRODUCT_BUNDLE_IDENTIFIER = com.hilton.TestTaskImageGalleryUITests;
				PRODUCT_NAME = "$(TARGET_NAME)";
				SWIFT_VERSION = 4.0;
				TARGETED_DEVICE_FAMILY = "1,2";
				TEST_TARGET_NAME = TestTaskImageGallery;
			};
			name = Release;
		};
/* End XCBuildConfiguration section */

/* Begin XCConfigurationList section */
		B13DC2E9206E911F00000F40 /* Build configuration list for PBXProject "TestTaskImageGallery" */ = {
			isa = XCConfigurationList;
			buildConfigurations = (
				B13DC314206E911F00000F40 /* Debug */,
				B13DC315206E911F00000F40 /* Release */,
			);
			defaultConfigurationIsVisible = 0;
			defaultConfigurationName = Release;
		};
		B13DC316206E911F00000F40 /* Build configuration list for PBXNativeTarget "TestTaskImageGallery" */ = {
			isa = XCConfigurationList;
			buildConfigurations = (
				B13DC317206E911F00000F40 /* Debug */,
				B13DC318206E911F00000F40 /* Release */,
			);
			defaultConfigurationIsVisible = 0;
			defaultConfigurationName = Release;
		};
		B13DC319206E911F00000F40 /* Build configuration list for PBXNativeTarget "TestTaskImageGalleryTests" */ = {
			isa = XCConfigurationList;
			buildConfigurations = (
				B13DC31A206E911F00000F40 /* Debug */,
				B13DC31B206E911F00000F40 /* Release */,
			);
			defaultConfigurationIsVisible = 0;
			defaultConfigurationName = Release;
		};
		B13DC31C206E911F00000F40 /* Build configuration list for PBXNativeTarget "TestTaskImageGalleryUITests" */ = {
			isa = XCConfigurationList;
			buildConfigurations = (
				B13DC31D206E911F00000F40 /* Debug */,
				B13DC31E206E911F00000F40 /* Release */,
			);
			defaultConfigurationIsVisible = 0;
			defaultConfigurationName = Release;
		};
/* End XCConfigurationList section */
	};
	rootObject = B13DC2E6206E911F00000F40 /* Project object */;
}
